
Microsoft Visual Studio Solution File, Format Version 12.00
# Visual Studio Version 17
VisualStudioVersion = 17.4.33205.214
MinimumVisualStudioVersion = 10.0.40219.1
Project("{9A19103F-16F7-4668-BE54-9A1E7A4F7556}") = "Examen", "EmployeeManager\Examen.csproj", "{621EFEC9-8A1C-435E-909F-0E09F9F4F6FC}"
EndProject
Global
	GlobalSection(SolutionConfigurationPlatforms) = preSolution
		Debug|Any CPU = Debug|Any CPU
		Release|Any CPU = Release|Any CPU
	EndGlobalSection
	GlobalSection(ProjectConfigurationPlatforms) = postSolution
		{621EFEC9-8A1C-435E-909F-0E09F9F4F6FC}.Debug|Any CPU.ActiveCfg = Debug|Any CPU
		{621EFEC9-8A1C-435E-909F-0E09F9F4F6FC}.Debug|Any CPU.Build.0 = Debug|Any CPU
		{621EFEC9-8A1C-435E-909F-0E09F9F4F6FC}.Release|Any CPU.ActiveCfg = Release|Any CPU
		{621EFEC9-8A1C-435E-909F-0E09F9F4F6FC}.Release|Any CPU.Build.0 = Release|Any CPU
	EndGlobalSection
	GlobalSection(SolutionProperties) = preSolution
		HideSolutionNode = FALSE
	EndGlobalSection
	GlobalSection(ExtensibilityGlobals) = postSolution
		SolutionGuid = {79F4C033-428D-456A-97A7-0E498444792B}
	EndGlobalSection
EndGlobal
